dependencies:
- name: kube-prometheus-stack
  repository: https://prometheus-community.github.io/helm-charts
  version: 92.3.0
- name: rustfs
  repository: https://charts.rustfs.com/
  version: 0.3.0
digest: sha256:95ffc52d0e08cf13223670525aaaa3e3e24e79b024d54c6f05b6ec30bbd723ba
generated: "2026-10-10T06:14:32.099653961Z"
