dependencies:
- name: kube-prometheus-stack
  repository: https://prometheus-community.github.io/helm-charts
  version: 91.9.0
- name: rustfs
  repository: https://charts.rustfs.com/
  version: 0.3.0
digest: sha256:d42cd88133afbd5068764e500b08aa9382974de807323e5ea956596466ce5bc6
generated: "2026-10-02T18:12:13.200134688Z"
