dependencies:
- name: kube-prometheus-stack
  repository: https://prometheus-community.github.io/helm-charts
  version: 90.1.1
- name: rustfs
  repository: https://charts.rustfs.com/
  version: 0.3.0
digest: sha256:3b7110220c0ec53cc4364de32d823b1b97e9c3202a8868bd2a6a435efac88a94
generated: "2026-09-11T18:10:04.815066244Z"
